
Microsoft Visual Studio Solution File, Format Version 12.00
# Visual Studio Version 17
VisualStudioVersion = 17.0.31903.59
MinimumVisualStudioVersion = 10.0.40219.1
Project("{FAE04EC0-301F-11D3-BF4B-00C04F79EFBC}") = "HR", "HR\HR.csproj", "{9272BE62-A345-41E2-BCE3-31D213F82816}"
EndProject
Project("{FAE04EC0-301F-11D3-BF4B-00C04F79EFBC}") = "Membership", "Membership\Membership.csproj", "{5E158F12-D1A3-45FF-B21D-B7545BAE304B}"
EndProject
Project("{FAE04EC0-301F-11D3-BF4B-00C04F79EFBC}") = "Billing", "Billing\Billing.csproj", "{EFD3CEB3-B261-4A18-9364-E7EE08273C74}"
EndProject
Project("{FAE04EC0-301F-11D3-BF4B-00C04F79EFBC}") = "Catalog", "Catalog\Catalog.csproj", "{28EDA90B-ABB1-4023-9978-4E19B66407F5}"
EndProject
Project("{FAE04EC0-301F-11D3-BF4B-00C04F79EFBC}") = "CRM", "CRM\CRM.csproj", "{88E5C25C-FB36-4083-99FE-59B5CDF359D5}"
EndProject
Project("{FAE04EC0-301F-11D3-BF4B-00C04F79EFBC}") = "OrderProcessing", "OrderProcessing\OrderProcessing.csproj", "{C4762A45-E742-450A-8C4C-C5754667D1D3}"
EndProject
Project("{FAE04EC0-301F-11D3-BF4B-00C04F79EFBC}") = "Shipment", "Shipment\Shipment.csproj", "{C139EB7E-EDBD-4616-85A3-9CD9B1DB13A8}"
EndProject
Project("{FAE04EC0-301F-11D3-BF4B-00C04F79EFBC}") = "ShoppingCart", "ShoppingCart\ShoppingCart.csproj", "{F36F5CC0-C782-42A0-951F-C7E0916A1333}"
EndProject
Global
	GlobalSection(SolutionConfigurationPlatforms) = preSolution
		Debug|Any CPU = Debug|Any CPU
		Release|Any CPU = Release|Any CPU
	EndGlobalSection
	GlobalSection(SolutionProperties) = preSolution
		HideSolutionNode = FALSE
	EndGlobalSection
	GlobalSection(ProjectConfigurationPlatforms) = postSolution
		{9272BE62-A345-41E2-BCE3-31D213F82816}.Debug|Any CPU.ActiveCfg = Debug|Any CPU
		{9272BE62-A345-41E2-BCE3-31D213F82816}.Debug|Any CPU.Build.0 = Debug|Any CPU
		{9272BE62-A345-41E2-BCE3-31D213F82816}.Release|Any CPU.ActiveCfg = Release|Any CPU
		{9272BE62-A345-41E2-BCE3-31D213F82816}.Release|Any CPU.Build.0 = Release|Any CPU
		{5E158F12-D1A3-45FF-B21D-B7545BAE304B}.Debug|Any CPU.ActiveCfg = Debug|Any CPU
		{5E158F12-D1A3-45FF-B21D-B7545BAE304B}.Debug|Any CPU.Build.0 = Debug|Any CPU
		{5E158F12-D1A3-45FF-B21D-B7545BAE304B}.Release|Any CPU.ActiveCfg = Release|Any CPU
		{5E158F12-D1A3-45FF-B21D-B7545BAE304B}.Release|Any CPU.Build.0 = Release|Any CPU
		{EFD3CEB3-B261-4A18-9364-E7EE08273C74}.Debug|Any CPU.ActiveCfg = Debug|Any CPU
		{EFD3CEB3-B261-4A18-9364-E7EE08273C74}.Debug|Any CPU.Build.0 = Debug|Any CPU
		{EFD3CEB3-B261-4A18-9364-E7EE08273C74}.Release|Any CPU.ActiveCfg = Release|Any CPU
		{EFD3CEB3-B261-4A18-9364-E7EE08273C74}.Release|Any CPU.Build.0 = Release|Any CPU
		{28EDA90B-ABB1-4023-9978-4E19B66407F5}.Debug|Any CPU.ActiveCfg = Debug|Any CPU
		{28EDA90B-ABB1-4023-9978-4E19B66407F5}.Debug|Any CPU.Build.0 = Debug|Any CPU
		{28EDA90B-ABB1-4023-9978-4E19B66407F5}.Release|Any CPU.ActiveCfg = Release|Any CPU
		{28EDA90B-ABB1-4023-9978-4E19B66407F5}.Release|Any CPU.Build.0 = Release|Any CPU
		{88E5C25C-FB36-4083-99FE-59B5CDF359D5}.Debug|Any CPU.ActiveCfg = Debug|Any CPU
		{88E5C25C-FB36-4083-99FE-59B5CDF359D5}.Debug|Any CPU.Build.0 = Debug|Any CPU
		{88E5C25C-FB36-4083-99FE-59B5CDF359D5}.Release|Any CPU.ActiveCfg = Release|Any CPU
		{88E5C25C-FB36-4083-99FE-59B5CDF359D5}.Release|Any CPU.Build.0 = Release|Any CPU
		{C4762A45-E742-450A-8C4C-C5754667D1D3}.Debug|Any CPU.ActiveCfg = Debug|Any CPU
		{C4762A45-E742-450A-8C4C-C5754667D1D3}.Debug|Any CPU.Build.0 = Debug|Any CPU
		{C4762A45-E742-450A-8C4C-C5754667D1D3}.Release|Any CPU.ActiveCfg = Release|Any CPU
		{C4762A45-E742-450A-8C4C-C5754667D1D3}.Release|Any CPU.Build.0 = Release|Any CPU
		{C139EB7E-EDBD-4616-85A3-9CD9B1DB13A8}.Debug|Any CPU.ActiveCfg = Debug|Any CPU
		{C139EB7E-EDBD-4616-85A3-9CD9B1DB13A8}.Debug|Any CPU.Build.0 = Debug|Any CPU
		{C139EB7E-EDBD-4616-85A3-9CD9B1DB13A8}.Release|Any CPU.ActiveCfg = Release|Any CPU
		{C139EB7E-EDBD-4616-85A3-9CD9B1DB13A8}.Release|Any CPU.Build.0 = Release|Any CPU
		{F36F5CC0-C782-42A0-951F-C7E0916A1333}.Debug|Any CPU.ActiveCfg = Debug|Any CPU
		{F36F5CC0-C782-42A0-951F-C7E0916A1333}.Debug|Any CPU.Build.0 = Debug|Any CPU
		{F36F5CC0-C782-42A0-951F-C7E0916A1333}.Release|Any CPU.ActiveCfg = Release|Any CPU
		{F36F5CC0-C782-42A0-951F-C7E0916A1333}.Release|Any CPU.Build.0 = Release|Any CPU
	EndGlobalSection
EndGlobal
